
Microsoft Visual Studio Solution File, Format Version 12.00
# Visual Studio Version 16
VisualStudioVersion = 16.0.31105.61
MinimumVisualStudioVersion = 10.0.40219.1
Project("{FAE04EC0-301F-11D3-BF4B-00C04F79EFBC}") = "ParkingSimulation", "ParkingSimulation\ParkingSimulation.csproj", "{4A772FCA-D5B6-4955-9429-13D94BDBF3BA}"
EndProject
Global
	GlobalSection(SolutionConfigurationPlatforms) = preSolution
		Debug|Any CPU = Debug|Any CPU
		Release|Any CPU = Release|Any CPU
	EndGlobalSection
	GlobalSection(ProjectConfigurationPlatforms) = postSolution
		{4A772FCA-D5B6-4955-9429-13D94BDBF3BA}.Debug|Any CPU.ActiveCfg = Debug|Any CPU
		{4A772FCA-D5B6-4955-9429-13D94BDBF3BA}.Debug|Any CPU.Build.0 = Debug|Any CPU
		{4A772FCA-D5B6-4955-9429-13D94BDBF3BA}.Release|Any CPU.ActiveCfg = Release|Any CPU
		{4A772FCA-D5B6-4955-9429-13D94BDBF3BA}.Release|Any CPU.Build.0 = Release|Any CPU
	EndGlobalSection
	GlobalSection(SolutionProperties) = preSolution
		HideSolutionNode = FALSE
	EndGlobalSection
	GlobalSection(ExtensibilityGlobals) = postSolution
		SolutionGuid = {E7D0349C-8A5E-4AD4-A3DC-2BA2F284BDD7}
	EndGlobalSection
EndGlobal
